<?xml version="1.0" encoding="utf-8"?>
<Project ToolsVersion="4.0" xmlns="http://schemas.microsoft.com/developer/msbuild/2003">
  <ItemGroup>
    <Filter Include="Source Files">
      <UniqueIdentifier>{4FC737F1-C7A5-4376-A066-2A32D752A2FF}</UniqueIdentifier>
      <Extensions>cpp;c;cc;cxx;c++;cppm;ixx;def;odl;idl;hpj;bat;asm;asmx</Extensions>
    </Filter>
    <Filter Include="Header Files">
      <UniqueIdentifier>{93995380-89BD-4b04-88EB-625FBE52EBFB}</UniqueIdentifier>
      <Extensions>h;hh;hpp;hxx;h++;hm;inl;inc;ipp;xsd</Extensions>
    </Filter>
    <Filter Include="Resource Files">
      <UniqueIdentifier>{67DA6AB6-F800-4c08-8B7A-83BB121AAD01}</UniqueIdentifier>
      <Extensions>rc;ico;cur;bmp;dlg;rc2;rct;bin;rgs;gif;jpg;jpeg;jpe;resx;tiff;tif;png;wav;mfcribbon-ms</Extensions>
    </Filter>
  </ItemGroup>
  <ItemGroup>
    <ClCompile Include="vendor\imgui.cpp">
      <Filter>Source Files</Filter>
    </ClCompile>
    <ClCompile Include="vendor\imgui_draw.cpp">
      <Filter>Source Files</Filter>
    </ClCompile>
    <ClCompile Include="vendor\imgui_impl_dx11.cpp">
      <Filter>Source Files</Filter>
    </ClCompile>
    <ClCompile Include="vendor\imgui_impl_win32.cpp">
      <Filter>Source Files</Filter>
    </ClCompile>
    <ClCompile Include="vendor\imgui_tables.cpp">
      <Filter>Source Files</Filter>
    </ClCompile>
    <ClCompile Include="vendor\imgui_widgets.cpp">
      <Filter>Source Files</Filter>
    </ClCompile>
    <ClCompile Include="vendor\qrcodegen.cpp">
      <Filter>Source Files</Filter>
    </ClCompile>
    <ClCompile Include="src\app\AppGraphics.cpp">
      <Filter>Source Files</Filter>
    </ClCompile>
    <ClCompile Include="src\app\AppWindow.cpp">
      <Filter>Source Files</Filter>
    </ClCompile>
    <ClCompile Include="src\app\Application.cpp">
      <Filter>Source Files</Filter>
    </ClCompile>
    <ClCompile Include="src\app\ApplicationEchoLive.cpp">
      <Filter>Source Files</Filter>
    </ClCompile>
    <ClCompile Include="src\app\ApplicationLinkProbe.cpp">
      <Filter>Source Files</Filter>
    </ClCompile>
    <ClCompile Include="src\app\ApplicationNetwork.cpp">
      <Filter>Source Files</Filter>
    </ClCompile>
    <ClCompile Include="src\app\AppSounds.cpp">
      <Filter>Source Files</Filter>
    </ClCompile>
    <ClCompile Include="src\app\VoiceSendPacer.cpp">
      <Filter>Source Files</Filter>
    </ClCompile>
    <ClCompile Include="src\app\main.cpp">
      <Filter>Source Files</Filter>
    </ClCompile>
    <ClCompile Include="src\network\NetworkClient.cpp">
      <Filter>Source Files</Filter>
    </ClCompile>
    <ClCompile Include="src\ui\Theme.cpp">
      <Filter>Source Files</Filter>
    </ClCompile>
    <ClCompile Include="src\ui\Styles.cpp">
      <Filter>Source Files</Filter>
    </ClCompile>
    <ClCompile Include="src\ui\Components.cpp">
      <Filter>Source Files</Filter>
    </ClCompile>
    <ClCompile Include="src\ui\views\LoginView.cpp">
      <Filter>Source Files</Filter>
    </ClCompile>
    <ClCompile Include="src\ui\views\RegisterView.cpp">
      <Filter>Source Files</Filter>
    </ClCompile>
    <ClCompile Include="src\ui\views\SidebarView.cpp">
      <Filter>Source Files</Filter>
    </ClCompile>
    <ClCompile Include="src\audio\AudioEngineDevice.cpp">
      <Filter>Source Files</Filter>
    </ClCompile>
    <ClCompile Include="src\audio\NativeAudioProcessor.cpp">
      <Filter>Source Files</Filter>
    </ClCompile>
    <ClCompile Include="src\audio\AudioEngineEncode.cpp">
      <Filter>Source Files</Filter>
    </ClCompile>
    <ClCompile Include="src\audio\AudioEnginePlayback.cpp">
      <Filter>Source Files</Filter>
    </ClCompile>
    <ClCompile Include="src\audio\AudioEngineTelemetry.cpp">
      <Filter>Source Files</Filter>
    </ClCompile>
    <ClCompile Include="src\audio\OpusCodec.cpp">
      <Filter>Source Files</Filter>
    </ClCompile>
    <ClCompile Include="src\audio\AudioEngine.cpp">
      <Filter>Source Files</Filter>
    </ClCompile>
    <ClCompile Include="src\ui\views\ChatView.cpp">
      <Filter>Source Files</Filter>
    </ClCompile>
    <ClCompile Include="src\ui\views\SettingsView.cpp">
      <Filter>Source Files</Filter>
    </ClCompile>
    <ClCompile Include="src\network\VoiceTransport.cpp">
      <Filter>Source Files</Filter>
    </ClCompile>
    <ClCompile Include="src\core\Logger.cpp">
      <Filter>Source Files</Filter>
    </ClCompile>
    <ClCompile Include="src\overlay\GameOverlay.cpp">
      <Filter>Source Files</Filter>
    </ClCompile>
  </ItemGroup>
  <ItemGroup>
    <ClInclude Include="vendor\imconfig.h">
      <Filter>Header Files</Filter>
    </ClInclude>
    <ClInclude Include="vendor\imgui.h">
      <Filter>Header Files</Filter>
    </ClInclude>
    <ClInclude Include="vendor\imgui_impl_dx11.h">
      <Filter>Header Files</Filter>
    </ClInclude>
    <ClInclude Include="vendor\imgui_impl_win32.h">
      <Filter>Header Files</Filter>
    </ClInclude>
    <ClInclude Include="vendor\imgui_internal.h">
      <Filter>Header Files</Filter>
    </ClInclude>
    <ClInclude Include="vendor\imstb_rectpack.h">
      <Filter>Header Files</Filter>
    </ClInclude>
    <ClInclude Include="vendor\imstb_textedit.h">
      <Filter>Header Files</Filter>
    </ClInclude>
    <ClInclude Include="vendor\imstb_truetype.h">
      <Filter>Header Files</Filter>
    </ClInclude>
    <ClInclude Include="vendor\stb_image.h">
      <Filter>Header Files</Filter>
    </ClInclude>
    <ClInclude Include="vendor\qrcodegen.hpp">
      <Filter>Header Files</Filter>
    </ClInclude>
    <ClInclude Include="src\app\Application.h">
      <Filter>Header Files</Filter>
    </ClInclude>
    <ClInclude Include="src\app\AppSounds.h">
      <Filter>Header Files</Filter>
    </ClInclude>
    <ClInclude Include="src\app\AppGraphics.h">
      <Filter>Header Files</Filter>
    </ClInclude>
    <ClInclude Include="src\app\AppWindow.h">
      <Filter>Header Files</Filter>
    </ClInclude>
    <ClInclude Include="src\app\VoiceSendPacer.h">
      <Filter>Header Files</Filter>
    </ClInclude>
    <ClInclude Include="src\core\ConfigManager.h">
      <Filter>Header Files</Filter>
    </ClInclude>
    <ClInclude Include="src\core\Globals.h">
      <Filter>Header Files</Filter>
    </ClInclude>
    <ClInclude Include="src\network\NetworkClient.h">
      <Filter>Header Files</Filter>
    </ClInclude>
    <ClInclude Include="src\ui\Styles.h">
      <Filter>Source Files</Filter>
    </ClInclude>
    <ClInclude Include="src\ui\Theme.h">
      <Filter>Header Files</Filter>
    </ClInclude>
    <ClInclude Include="src\ui\Components.h">
      <Filter>Header Files</Filter>
    </ClInclude>
    <ClInclude Include="src\ui\views\LoginView.h">
      <Filter>Header Files</Filter>
    </ClInclude>
    <ClInclude Include="src\ui\views\RegisterView.h">
      <Filter>Header Files</Filter>
    </ClInclude>
    <ClInclude Include="src\ui\views\SidebarView.h">
      <Filter>Header Files</Filter>
    </ClInclude>
    <ClInclude Include="src\ui\views\ChatView.h">
      <Filter>Header Files</Filter>
    </ClInclude>
    <ClInclude Include="src\ui\views\SettingsView.h">
      <Filter>Header Files</Filter>
    </ClInclude>
    <ClInclude Include="src\shared\Protocol.h">
      <Filter>Header Files</Filter>
    </ClInclude>
    <ClInclude Include="vendor\miniaudio.h">
      <Filter>Header Files</Filter>
    </ClInclude>
    <ClInclude Include="src\audio\AudioEngineDevice.h">
      <Filter>Header Files</Filter>
    </ClInclude>
    <ClInclude Include="src\audio\NativeAudioProcessor.h">
      <Filter>Header Files</Filter>
    </ClInclude>
    <ClInclude Include="src\audio\AudioEngineInternal.h">
      <Filter>Header Files</Filter>
    </ClInclude>
    <ClInclude Include="src\audio\AudioEnginePlayback.h">
      <Filter>Header Files</Filter>
    </ClInclude>
    <ClInclude Include="src\audio\OpusCodec.h">
      <Filter>Header Files</Filter>
    </ClInclude>
    <ClInclude Include="src\audio\AudioEngine.h">
      <Filter>Header Files</Filter>
    </ClInclude>
    <ClInclude Include="src\network\VoiceTransport.h">
      <Filter>Header Files</Filter>
    </ClInclude>
    <ClInclude Include="src\core\Logger.h">
      <Filter>Header Files</Filter>
    </ClInclude>
    <ClInclude Include="src\overlay\GameOverlay.h">
      <Filter>Header Files</Filter>
    </ClInclude>
    <ClInclude Include="src\shared\PacketHandler.h">
      <Filter>Header Files</Filter>
    </ClInclude>
  </ItemGroup>
  <ItemGroup>
    <None Include="resource.h">
      <Filter>Resource Files</Filter>
    </None>
    <None Include="Version.h">
      <Filter>Resource Files</Filter>
    </None>
  </ItemGroup>
  <ItemGroup>
    <ResourceCompile Include="TalkMe.rc">
      <Filter>Resource Files</Filter>
    </ResourceCompile>
  </ItemGroup>
</Project>